PODS:
  - GithubKit (0.4.1):
    - Nuke (~> 7.0)
    - RxCocoa (~> 4.0)
    - RxSwift (~> 4.0)
    - SwiftIconFont (~> 3.0)
  - NoticeObserveKit (0.11.1)
  - Nuke (7.6)
  - RxCocoa (4.5.0):
    - RxSwift (>= 4.4.2, ~> 4.4)
  - RxSwift (4.5.0)
  - SwiftIconFont (3.0.0)

DEPENDENCIES:
  - GithubKit (from `https://github.com/marty-suzuki/GithubKitForSample.git`, tag `0.4.1`)
  - NoticeObserveKit (= 0.11.1)
  - RxCocoa (~> 4.0)
  - RxSwift (~> 4.0)

SPEC REPOS:
  https://github.com/cocoapods/specs.git:
    - NoticeObserveKit
    - Nuke
    - RxCocoa
    - RxSwift
    - SwiftIconFont

EXTERNAL SOURCES:
  GithubKit:
    :git: https://github.com/marty-suzuki/GithubKitForSample.git
    :tag: 0.4.1

CHECKOUT OPTIONS:
  GithubKit:
    :git: https://github.com/marty-suzuki/GithubKitForSample.git
    :tag: 0.4.1

SPEC CHECKSUMS:
  GithubKit: 470b988d16b87752488a382985464cf5322f4047
  NoticeObserveKit: eb4a123d96fb4ed373758a0c52d507eefff2e48a
  Nuke: aa1c6a5919b543debe814530881f2fccb58c26d4
  RxCocoa: cbf70265dc65a981d4ac982e513c10cf23df24a0
  RxSwift: f172070dfd1a93d70a9ab97a5a01166206e1c575
  SwiftIconFont: 2ba18554a77c44948dc35b561b344e3c23834a84

PODFILE CHECKSUM: b7deec938ded6b7916078454275dd42558fc91ae

COCOAPODS: 1.6.1
